
Microsoft Visual Studio Solution File, Format Version 12.00
# Visual Studio Version 17
VisualStudioVersion = 17.4.33403.182
MinimumVisualStudioVersion = 10.0.40219.1
Project("{FAE04EC0-301F-11D3-BF4B-00C04F79EFBC}") = "VisionSystem", "VisionSystem\VisionSystem.csproj", "{59888025-C5F3-497D-8C97-F50B209894D2}"
EndProject
Project("{FAE04EC0-301F-11D3-BF4B-00C04F79EFBC}") = "HPLCManager", "HPLCManager\HPLCManager.csproj", "{E74F5A1D-CEF6-4D53-9E6C-C30D772D2846}"
EndProject
Project("{FAE04EC0-301F-11D3-BF4B-00C04F79EFBC}") = "HUtill", "HUtill\HUtill.csproj", "{9075EB3B-65FB-4FAE-9698-23A619013EFC}"
EndProject
Project("{FAE04EC0-301F-11D3-BF4B-00C04F79EFBC}") = "LogManager", "LogManager\LogManager.csproj", "{A7B4D643-7A47-4E26-A99D-F4EF0B0439B3}"
EndProject
Project("{FAE04EC0-301F-11D3-BF4B-00C04F79EFBC}") = "DetectorManager", "DetectorManager\DetectorManager.csproj", "{383CD2E4-2C99-4F5D-9865-D386CBFE7921}"
EndProject
Project("{FAE04EC0-301F-11D3-BF4B-00C04F79EFBC}") = "AsyncDetectSocket", "AsyncDetectSocket\AsyncDetectSocket.csproj", "{A4E260AF-2AD8-48F5-A1DC-D986A3D18F6B}"
EndProject
Project("{FAE04EC0-301F-11D3-BF4B-00C04F79EFBC}") = "HanseroDisplay", "HanseroDisplay\HanseroDisplay.csproj", "{D4B55ADB-C5B4-4AD7-B346-3C5DDA8FB80A}"
EndProject
Project("{FAE04EC0-301F-11D3-BF4B-00C04F79EFBC}") = "CameraManager", "CameraManager\CameraManager.csproj", "{18CE86AE-AF1B-4000-B19F-60074F97B3F1}"
EndProject
Project("{FAE04EC0-301F-11D3-BF4B-00C04F79EFBC}") = "HAsyncSocket", "HAsyncSocket\HAsyncSocket.csproj", "{CBE01E91-589F-4D2F-8777-A0DC7962924D}"
EndProject
Project("{FAE04EC0-301F-11D3-BF4B-00C04F79EFBC}") = "HVisionPro", "HVisionPro\HVisionPro.csproj", "{419A9449-456D-4F9A-8A1D-5AE6C2BF7E38}"
EndProject
Project("{FAE04EC0-301F-11D3-BF4B-00C04F79EFBC}") = "HCore", "HCore\HCore.csproj", "{F203C2C6-2452-4C03-806C-1115F8493C63}"
EndProject
Project("{FAE04EC0-301F-11D3-BF4B-00C04F79EFBC}") = "HInspection", "HInspection\HInspection.csproj", "{3228A431-8FAF-4E7E-B033-32D96B9830E2}"
EndProject
Global
	GlobalSection(SolutionConfigurationPlatforms) = preSolution
		Debug|Any CPU = Debug|Any CPU
		Debug|x64 = Debug|x64
		Debug|x86 = Debug|x86
		Release|Any CPU = Release|Any CPU
		Release|x64 = Release|x64
		Release|x86 = Release|x86
	EndGlobalSection
	GlobalSection(ProjectConfigurationPlatforms) = postSolution
		{59888025-C5F3-497D-8C97-F50B209894D2}.Debug|Any CPU.ActiveCfg = Debug|Any CPU
		{59888025-C5F3-497D-8C97-F50B209894D2}.Debug|Any CPU.Build.0 = Debug|Any CPU
		{59888025-C5F3-497D-8C97-F50B209894D2}.Debug|x64.ActiveCfg = Debug|Any CPU
		{59888025-C5F3-497D-8C97-F50B209894D2}.Debug|x64.Build.0 = Debug|Any CPU
		{59888025-C5F3-497D-8C97-F50B209894D2}.Debug|x86.ActiveCfg = Debug|Any CPU
		{59888025-C5F3-497D-8C97-F50B209894D2}.Debug|x86.Build.0 = Debug|Any CPU
		{59888025-C5F3-497D-8C97-F50B209894D2}.Release|Any CPU.ActiveCfg = Release|Any CPU
		{59888025-C5F3-497D-8C97-F50B209894D2}.Release|Any CPU.Build.0 = Release|Any CPU
		{59888025-C5F3-497D-8C97-F50B209894D2}.Release|x64.ActiveCfg = Release|Any CPU
		{59888025-C5F3-497D-8C97-F50B209894D2}.Release|x64.Build.0 = Release|Any CPU
		{59888025-C5F3-497D-8C97-F50B209894D2}.Release|x86.ActiveCfg = Release|Any CPU
		{59888025-C5F3-497D-8C97-F50B209894D2}.Release|x86.Build.0 = Release|Any CPU
		{E74F5A1D-CEF6-4D53-9E6C-C30D772D2846}.Debug|Any CPU.ActiveCfg = Debug|Any CPU
		{E74F5A1D-CEF6-4D53-9E6C-C30D772D2846}.Debug|Any CPU.Build.0 = Debug|Any CPU
		{E74F5A1D-CEF6-4D53-9E6C-C30D772D2846}.Debug|x64.ActiveCfg = Debug|Any CPU
		{E74F5A1D-CEF6-4D53-9E6C-C30D772D2846}.Debug|x64.Build.0 = Debug|Any CPU
		{E74F5A1D-CEF6-4D53-9E6C-C30D772D2846}.Debug|x86.ActiveCfg = Debug|Any CPU
		{E74F5A1D-CEF6-4D53-9E6C-C30D772D2846}.Debug|x86.Build.0 = Debug|Any CPU
		{E74F5A1D-CEF6-4D53-9E6C-C30D772D2846}.Release|Any CPU.ActiveCfg = Release|Any CPU
		{E74F5A1D-CEF6-4D53-9E6C-C30D772D2846}.Release|Any CPU.Build.0 = Release|Any CPU
		{E74F5A1D-CEF6-4D53-9E6C-C30D772D2846}.Release|x64.ActiveCfg = Release|Any CPU
		{E74F5A1D-CEF6-4D53-9E6C-C30D772D2846}.Release|x64.Build.0 = Release|Any CPU
		{E74F5A1D-CEF6-4D53-9E6C-C30D772D2846}.Release|x86.ActiveCfg = Release|Any CPU
		{E74F5A1D-CEF6-4D53-9E6C-C30D772D2846}.Release|x86.Build.0 = Release|Any CPU
		{9075EB3B-65FB-4FAE-9698-23A619013EFC}.Debug|Any CPU.ActiveCfg = Debug|Any CPU
		{9075EB3B-65FB-4FAE-9698-23A619013EFC}.Debug|Any CPU.Build.0 = Debug|Any CPU
		{9075EB3B-65FB-4FAE-9698-23A619013EFC}.Debug|x64.ActiveCfg = Debug|Any CPU
		{9075EB3B-65FB-4FAE-9698-23A619013EFC}.Debug|x64.Build.0 = Debug|Any CPU
		{9075EB3B-65FB-4FAE-9698-23A619013EFC}.Debug|x86.ActiveCfg = Debug|Any CPU
		{9075EB3B-65FB-4FAE-9698-23A619013EFC}.Debug|x86.Build.0 = Debug|Any CPU
		{9075EB3B-65FB-4FAE-9698-23A619013EFC}.Release|Any CPU.ActiveCfg = Release|Any CPU
		{9075EB3B-65FB-4FAE-9698-23A619013EFC}.Release|Any CPU.Build.0 = Release|Any CPU
		{9075EB3B-65FB-4FAE-9698-23A619013EFC}.Release|x64.ActiveCfg = Release|Any CPU
		{9075EB3B-65FB-4FAE-9698-23A619013EFC}.Release|x64.Build.0 = Release|Any CPU
		{9075EB3B-65FB-4FAE-9698-23A619013EFC}.Release|x86.ActiveCfg = Release|Any CPU
		{9075EB3B-65FB-4FAE-9698-23A619013EFC}.Release|x86.Build.0 = Release|Any CPU
		{A7B4D643-7A47-4E26-A99D-F4EF0B0439B3}.Debug|Any CPU.ActiveCfg = Debug|Any CPU
		{A7B4D643-7A47-4E26-A99D-F4EF0B0439B3}.Debug|Any CPU.Build.0 = Debug|Any CPU
		{A7B4D643-7A47-4E26-A99D-F4EF0B0439B3}.Debug|x64.ActiveCfg = Debug|x64
		{A7B4D643-7A47-4E26-A99D-F4EF0B0439B3}.Debug|x64.Build.0 = Debug|x64
		{A7B4D643-7A47-4E26-A99D-F4EF0B0439B3}.Debug|x86.ActiveCfg = Debug|Any CPU
		{A7B4D643-7A47-4E26-A99D-F4EF0B0439B3}.Debug|x86.Build.0 = Debug|Any CPU
		{A7B4D643-7A47-4E26-A99D-F4EF0B0439B3}.Release|Any CPU.ActiveCfg = Release|Any CPU
		{A7B4D643-7A47-4E26-A99D-F4EF0B0439B3}.Release|Any CPU.Build.0 = Release|Any CPU
		{A7B4D643-7A47-4E26-A99D-F4EF0B0439B3}.Release|x64.ActiveCfg = Release|x64
		{A7B4D643-7A47-4E26-A99D-F4EF0B0439B3}.Release|x64.Build.0 = Release|x64
		{A7B4D643-7A47-4E26-A99D-F4EF0B0439B3}.Release|x86.ActiveCfg = Release|Any CPU
		{A7B4D643-7A47-4E26-A99D-F4EF0B0439B3}.Release|x86.Build.0 = Release|Any CPU
		{383CD2E4-2C99-4F5D-9865-D386CBFE7921}.Debug|Any CPU.ActiveCfg = Debug|Any CPU
		{383CD2E4-2C99-4F5D-9865-D386CBFE7921}.Debug|Any CPU.Build.0 = Debug|Any CPU
		{383CD2E4-2C99-4F5D-9865-D386CBFE7921}.Debug|x64.ActiveCfg = Debug|Any CPU
		{383CD2E4-2C99-4F5D-9865-D386CBFE7921}.Debug|x64.Build.0 = Debug|Any CPU
		{383CD2E4-2C99-4F5D-9865-D386CBFE7921}.Debug|x86.ActiveCfg = Debug|Any CPU
		{383CD2E4-2C99-4F5D-9865-D386CBFE7921}.Debug|x86.Build.0 = Debug|Any CPU
		{383CD2E4-2C99-4F5D-9865-D386CBFE7921}.Release|Any CPU.ActiveCfg = Release|Any CPU
		{383CD2E4-2C99-4F5D-9865-D386CBFE7921}.Release|Any CPU.Build.0 = Release|Any CPU
		{383CD2E4-2C99-4F5D-9865-D386CBFE7921}.Release|x64.ActiveCfg = Release|Any CPU
		{383CD2E4-2C99-4F5D-9865-D386CBFE7921}.Release|x64.Build.0 = Release|Any CPU
		{383CD2E4-2C99-4F5D-9865-D386CBFE7921}.Release|x86.ActiveCfg = Release|Any CPU
		{383CD2E4-2C99-4F5D-9865-D386CBFE7921}.Release|x86.Build.0 = Release|Any CPU
		{A4E260AF-2AD8-48F5-A1DC-D986A3D18F6B}.Debug|Any CPU.ActiveCfg = Debug|Any CPU
		{A4E260AF-2AD8-48F5-A1DC-D986A3D18F6B}.Debug|Any CPU.Build.0 = Debug|Any CPU
		{A4E260AF-2AD8-48F5-A1DC-D986A3D18F6B}.Debug|x64.ActiveCfg = Debug|x64
		{A4E260AF-2AD8-48F5-A1DC-D986A3D18F6B}.Debug|x64.Build.0 = Debug|x64
		{A4E260AF-2AD8-48F5-A1DC-D986A3D18F6B}.Debug|x86.ActiveCfg = Debug|x86
		{A4E260AF-2AD8-48F5-A1DC-D986A3D18F6B}.Debug|x86.Build.0 = Debug|x86
		{A4E260AF-2AD8-48F5-A1DC-D986A3D18F6B}.Release|Any CPU.ActiveCfg = Release|Any CPU
		{A4E260AF-2AD8-48F5-A1DC-D986A3D18F6B}.Release|Any CPU.Build.0 = Release|Any CPU
		{A4E260AF-2AD8-48F5-A1DC-D986A3D18F6B}.Release|x64.ActiveCfg = Release|x64
		{A4E260AF-2AD8-48F5-A1DC-D986A3D18F6B}.Release|x64.Build.0 = Release|x64
		{A4E260AF-2AD8-48F5-A1DC-D986A3D18F6B}.Release|x86.ActiveCfg = Release|x86
		{A4E260AF-2AD8-48F5-A1DC-D986A3D18F6B}.Release|x86.Build.0 = Release|x86
		{D4B55ADB-C5B4-4AD7-B346-3C5DDA8FB80A}.Debug|Any CPU.ActiveCfg = Debug|Any CPU
		{D4B55ADB-C5B4-4AD7-B346-3C5DDA8FB80A}.Debug|Any CPU.Build.0 = Debug|Any CPU
		{D4B55ADB-C5B4-4AD7-B346-3C5DDA8FB80A}.Debug|x64.ActiveCfg = Debug|x64
		{D4B55ADB-C5B4-4AD7-B346-3C5DDA8FB80A}.Debug|x64.Build.0 = Debug|x64
		{D4B55ADB-C5B4-4AD7-B346-3C5DDA8FB80A}.Debug|x86.ActiveCfg = Debug|Any CPU
		{D4B55ADB-C5B4-4AD7-B346-3C5DDA8FB80A}.Debug|x86.Build.0 = Debug|Any CPU
		{D4B55ADB-C5B4-4AD7-B346-3C5DDA8FB80A}.Release|Any CPU.ActiveCfg = Release|Any CPU
		{D4B55ADB-C5B4-4AD7-B346-3C5DDA8FB80A}.Release|Any CPU.Build.0 = Release|Any CPU
		{D4B55ADB-C5B4-4AD7-B346-3C5DDA8FB80A}.Release|x64.ActiveCfg = Release|x64
		{D4B55ADB-C5B4-4AD7-B346-3C5DDA8FB80A}.Release|x64.Build.0 = Release|x64
		{D4B55ADB-C5B4-4AD7-B346-3C5DDA8FB80A}.Release|x86.ActiveCfg = Release|Any CPU
		{D4B55ADB-C5B4-4AD7-B346-3C5DDA8FB80A}.Release|x86.Build.0 = Release|Any CPU
		{18CE86AE-AF1B-4000-B19F-60074F97B3F1}.Debug|Any CPU.ActiveCfg = Debug|Any CPU
		{18CE86AE-AF1B-4000-B19F-60074F97B3F1}.Debug|Any CPU.Build.0 = Debug|Any CPU
		{18CE86AE-AF1B-4000-B19F-60074F97B3F1}.Debug|x64.ActiveCfg = Debug|Any CPU
		{18CE86AE-AF1B-4000-B19F-60074F97B3F1}.Debug|x64.Build.0 = Debug|Any CPU
		{18CE86AE-AF1B-4000-B19F-60074F97B3F1}.Debug|x86.ActiveCfg = Debug|Any CPU
		{18CE86AE-AF1B-4000-B19F-60074F97B3F1}.Debug|x86.Build.0 = Debug|Any CPU
		{18CE86AE-AF1B-4000-B19F-60074F97B3F1}.Release|Any CPU.ActiveCfg = Release|Any CPU
		{18CE86AE-AF1B-4000-B19F-60074F97B3F1}.Release|Any CPU.Build.0 = Release|Any CPU
		{18CE86AE-AF1B-4000-B19F-60074F97B3F1}.Release|x64.ActiveCfg = Release|Any CPU
		{18CE86AE-AF1B-4000-B19F-60074F97B3F1}.Release|x64.Build.0 = Release|Any CPU
		{18CE86AE-AF1B-4000-B19F-60074F97B3F1}.Release|x86.ActiveCfg = Release|Any CPU
		{18CE86AE-AF1B-4000-B19F-60074F97B3F1}.Release|x86.Build.0 = Release|Any CPU
		{CBE01E91-589F-4D2F-8777-A0DC7962924D}.Debug|Any CPU.ActiveCfg = Debug|Any CPU
		{CBE01E91-589F-4D2F-8777-A0DC7962924D}.Debug|Any CPU.Build.0 = Debug|Any CPU
		{CBE01E91-589F-4D2F-8777-A0DC7962924D}.Debug|x64.ActiveCfg = Debug|Any CPU
		{CBE01E91-589F-4D2F-8777-A0DC7962924D}.Debug|x64.Build.0 = Debug|Any CPU
		{CBE01E91-589F-4D2F-8777-A0DC7962924D}.Debug|x86.ActiveCfg = Debug|Any CPU
		{CBE01E91-589F-4D2F-8777-A0DC7962924D}.Debug|x86.Build.0 = Debug|Any CPU
		{CBE01E91-589F-4D2F-8777-A0DC7962924D}.Release|Any CPU.ActiveCfg = Release|Any CPU
		{CBE01E91-589F-4D2F-8777-A0DC7962924D}.Release|Any CPU.Build.0 = Release|Any CPU
		{CBE01E91-589F-4D2F-8777-A0DC7962924D}.Release|x64.ActiveCfg = Release|Any CPU
		{CBE01E91-589F-4D2F-8777-A0DC7962924D}.Release|x64.Build.0 = Release|Any CPU
		{CBE01E91-589F-4D2F-8777-A0DC7962924D}.Release|x86.ActiveCfg = Release|Any CPU
		{CBE01E91-589F-4D2F-8777-A0DC7962924D}.Release|x86.Build.0 = Release|Any CPU
		{419A9449-456D-4F9A-8A1D-5AE6C2BF7E38}.Debug|Any CPU.ActiveCfg = Debug|Any CPU
		{419A9449-456D-4F9A-8A1D-5AE6C2BF7E38}.Debug|Any CPU.Build.0 = Debug|Any CPU
		{419A9449-456D-4F9A-8A1D-5AE6C2BF7E38}.Debug|x64.ActiveCfg = Debug|Any CPU
		{419A9449-456D-4F9A-8A1D-5AE6C2BF7E38}.Debug|x64.Build.0 = Debug|Any CPU
		{419A9449-456D-4F9A-8A1D-5AE6C2BF7E38}.Debug|x86.ActiveCfg = Debug|Any CPU
		{419A9449-456D-4F9A-8A1D-5AE6C2BF7E38}.Debug|x86.Build.0 = Debug|Any CPU
		{419A9449-456D-4F9A-8A1D-5AE6C2BF7E38}.Release|Any CPU.ActiveCfg = Release|Any CPU
		{419A9449-456D-4F9A-8A1D-5AE6C2BF7E38}.Release|Any CPU.Build.0 = Release|Any CPU
		{419A9449-456D-4F9A-8A1D-5AE6C2BF7E38}.Release|x64.ActiveCfg = Release|Any CPU
		{419A9449-456D-4F9A-8A1D-5AE6C2BF7E38}.Release|x64.Build.0 = Release|Any CPU
		{419A9449-456D-4F9A-8A1D-5AE6C2BF7E38}.Release|x86.ActiveCfg = Release|Any CPU
		{419A9449-456D-4F9A-8A1D-5AE6C2BF7E38}.Release|x86.Build.0 = Release|Any CPU
		{F203C2C6-2452-4C03-806C-1115F8493C63}.Debug|Any CPU.ActiveCfg = Debug|Any CPU
		{F203C2C6-2452-4C03-806C-1115F8493C63}.Debug|Any CPU.Build.0 = Debug|Any CPU
		{F203C2C6-2452-4C03-806C-1115F8493C63}.Debug|x64.ActiveCfg = Debug|Any CPU
		{F203C2C6-2452-4C03-806C-1115F8493C63}.Debug|x64.Build.0 = Debug|Any CPU
		{F203C2C6-2452-4C03-806C-1115F8493C63}.Debug|x86.ActiveCfg = Debug|Any CPU
		{F203C2C6-2452-4C03-806C-1115F8493C63}.Debug|x86.Build.0 = Debug|Any CPU
		{F203C2C6-2452-4C03-806C-1115F8493C63}.Release|Any CPU.ActiveCfg = Release|Any CPU
		{F203C2C6-2452-4C03-806C-1115F8493C63}.Release|Any CPU.Build.0 = Release|Any CPU
		{F203C2C6-2452-4C03-806C-1115F8493C63}.Release|x64.ActiveCfg = Release|Any CPU
		{F203C2C6-2452-4C03-806C-1115F8493C63}.Release|x64.Build.0 = Release|Any CPU
		{F203C2C6-2452-4C03-806C-1115F8493C63}.Release|x86.ActiveCfg = Release|Any CPU
		{F203C2C6-2452-4C03-806C-1115F8493C63}.Release|x86.Build.0 = Release|Any CPU
		{3228A431-8FAF-4E7E-B033-32D96B9830E2}.Debug|Any CPU.ActiveCfg = Debug|Any CPU
		{3228A431-8FAF-4E7E-B033-32D96B9830E2}.Debug|Any CPU.Build.0 = Debug|Any CPU
		{3228A431-8FAF-4E7E-B033-32D96B9830E2}.Debug|x64.ActiveCfg = Debug|Any CPU
		{3228A431-8FAF-4E7E-B033-32D96B9830E2}.Debug|x64.Build.0 = Debug|Any CPU
		{3228A431-8FAF-4E7E-B033-32D96B9830E2}.Debug|x86.ActiveCfg = Debug|Any CPU
		{3228A431-8FAF-4E7E-B033-32D96B9830E2}.Debug|x86.Build.0 = Debug|Any CPU
		{3228A431-8FAF-4E7E-B033-32D96B9830E2}.Release|Any CPU.ActiveCfg = Release|Any CPU
		{3228A431-8FAF-4E7E-B033-32D96B9830E2}.Release|Any CPU.Build.0 = Release|Any CPU
		{3228A431-8FAF-4E7E-B033-32D96B9830E2}.Release|x64.ActiveCfg = Release|Any CPU
		{3228A431-8FAF-4E7E-B033-32D96B9830E2}.Release|x64.Build.0 = Release|Any CPU
		{3228A431-8FAF-4E7E-B033-32D96B9830E2}.Release|x86.ActiveCfg = Release|Any CPU
		{3228A431-8FAF-4E7E-B033-32D96B9830E2}.Release|x86.Build.0 = Release|Any CPU
	EndGlobalSection
	GlobalSection(SolutionProperties) = preSolution
		HideSolutionNode = FALSE
	EndGlobalSection
	GlobalSection(ExtensibilityGlobals) = postSolution
		SolutionGuid = {B6F6C960-2E8B-4AF2-90A9-9B3491BFEAE1}
	EndGlobalSection
EndGlobal
